
Microsoft Visual Studio Solution File, Format Version 12.00
# Visual Studio Version 17
VisualStudioVersion = 17.6.33829.357
MinimumVisualStudioVersion = 10.0.40219.1
Project("{FAE04EC0-301F-11D3-BF4B-00C04F79EFBC}") = "DDApplication", "DDApplication.csproj", "{34D5FCB9-A6A8-4010-9205-CAFE596F6112}"
EndProject
Global
	GlobalSection(SolutionConfigurationPlatforms) = preSolution
		Debug|Any CPU = Debug|Any CPU
		Release|Any CPU = Release|Any CPU
	EndGlobalSection
	GlobalSection(ProjectConfigurationPlatforms) = postSolution
		{34D5FCB9-A6A8-4010-9205-CAFE596F6112}.Debug|Any CPU.ActiveCfg = Debug|Any CPU
		{34D5FCB9-A6A8-4010-9205-CAFE596F6112}.Debug|Any CPU.Build.0 = Debug|Any CPU
		{34D5FCB9-A6A8-4010-9205-CAFE596F6112}.Release|Any CPU.ActiveCfg = Release|Any CPU
		{34D5FCB9-A6A8-4010-9205-CAFE596F6112}.Release|Any CPU.Build.0 = Release|Any CPU
	EndGlobalSection
	GlobalSection(SolutionProperties) = preSolution
		HideSolutionNode = FALSE
	EndGlobalSection
	GlobalSection(ExtensibilityGlobals) = postSolution
		SolutionGuid = {FF036F01-77FB-408C-AF93-A1F4C05C3EB5}
	EndGlobalSection
EndGlobal
